
Microsoft Visual Studio Solution File, Format Version 12.00
# Visual Studio Version 16
VisualStudioVersion = 16.0.30114.105
MinimumVisualStudioVersion = 10.0.40219.1
Project("{2150E333-8FDC-42A3-9474-1A3956D46DE8}") = "src", "src", "{A4CBE640-C914-4105-9BBE-63741FB0942C}"
EndProject
Project("{FAE04EC0-301F-11D3-BF4B-00C04F79EFBC}") = "CzyDobrze.Api", "src\Api\CzyDobrze.Api.csproj", "{F8DCD28D-1C4D-46EE-AD91-681E954BD0C1}"
EndProject
Project("{FAE04EC0-301F-11D3-BF4B-00C04F79EFBC}") = "CzyDobrze.Application", "src\Application\CzyDobrze.Application.csproj", "{0B18BFE5-FE2F-4EDD-B8BB-CFE84E2966E1}"
EndProject
Project("{FAE04EC0-301F-11D3-BF4B-00C04F79EFBC}") = "CzyDobrze.Core", "src\Core\CzyDobrze.Core.csproj", "{A0036FE6-7CFB-448D-ADD7-07E6E94AA731}"
EndProject
Project("{FAE04EC0-301F-11D3-BF4B-00C04F79EFBC}") = "CzyDobrze.Domain", "src\Domain\CzyDobrze.Domain.csproj", "{9CBCCDF8-9314-4A0E-A998-3A8D2C007D0C}"
EndProject
Project("{FAE04EC0-301F-11D3-BF4B-00C04F79EFBC}") = "CzyDobrze.Infrastructure", "src\Infrastructure\CzyDobrze.Infrastructure.csproj", "{96DF8B4D-779E-40C2-889E-12F10B24B7D4}"
EndProject
Project("{2150E333-8FDC-42A3-9474-1A3956D46DE8}") = "tests", "tests", "{6BAAA259-0F70-4854-A000-7F3897AF87A2}"
EndProject
Project("{FAE04EC0-301F-11D3-BF4B-00C04F79EFBC}") = "CzyDobrze.ApiUnitTests", "tests\ApiUnitTests\CzyDobrze.ApiUnitTests.csproj", "{C4020226-1C27-4C42-B975-49ACD1907681}"
EndProject
Project("{FAE04EC0-301F-11D3-BF4B-00C04F79EFBC}") = "CzyDobrze.ApplicationUnitTests", "tests\ApplicationUnitTests\CzyDobrze.ApplicationUnitTests.csproj", "{7A2DFE76-C54B-421B-A19D-51EACF0982C7}"
EndProject
Project("{FAE04EC0-301F-11D3-BF4B-00C04F79EFBC}") = "CzyDobrze.CoreUnitTests", "tests\CoreUnitTests\CzyDobrze.CoreUnitTests.csproj", "{39749416-78B0-4400-AF50-D4DEC2CCF25A}"
EndProject
Project("{FAE04EC0-301F-11D3-BF4B-00C04F79EFBC}") = "CzyDobrze.DomainUnitTests", "tests\DomainUnitTests\CzyDobrze.DomainUnitTests.csproj", "{8D460ACB-D76A-4D7C-88DD-CD81843283E7}"
EndProject
Project("{FAE04EC0-301F-11D3-BF4B-00C04F79EFBC}") = "CzyDobrze.InfrastructureUnitTests", "tests\InfrastructureUnitTests\CzyDobrze.InfrastructureUnitTests.csproj", "{15B6D1AB-F3A4-44DE-B3C2-542A389C4160}"
EndProject
Project("{FAE04EC0-301F-11D3-BF4B-00C04F79EFBC}") = "CzyDobrze.IntegrationTests", "tests\IntegrationTests\CzyDobrze.IntegrationTests.csproj", "{4B23F95B-EF0B-42C1-91DB-B7F54E4D49AC}"
EndProject
Project("{9A19103F-16F7-4668-BE54-9A1E7A4F7556}") = "_build", "build\_build.csproj", "{40BB7CE2-CD68-48F3-95F5-723939CA4AB8}"
EndProject
Global
	GlobalSection(SolutionConfigurationPlatforms) = preSolution
		Debug|Any CPU = Debug|Any CPU
		Debug|x64 = Debug|x64
		Debug|x86 = Debug|x86
		Release|Any CPU = Release|Any CPU
		Release|x64 = Release|x64
		Release|x86 = Release|x86
	EndGlobalSection
	GlobalSection(SolutionProperties) = preSolution
		HideSolutionNode = FALSE
	EndGlobalSection
	GlobalSection(ProjectConfigurationPlatforms) = postSolution
		{40BB7CE2-CD68-48F3-95F5-723939CA4AB8}.Debug|Any CPU.ActiveCfg = Debug|Any CPU
		{40BB7CE2-CD68-48F3-95F5-723939CA4AB8}.Release|Any CPU.ActiveCfg = Release|Any CPU
		{F8DCD28D-1C4D-46EE-AD91-681E954BD0C1}.Debug|Any CPU.ActiveCfg = Debug|Any CPU
		{F8DCD28D-1C4D-46EE-AD91-681E954BD0C1}.Debug|Any CPU.Build.0 = Debug|Any CPU
		{F8DCD28D-1C4D-46EE-AD91-681E954BD0C1}.Debug|x64.ActiveCfg = Debug|Any CPU
		{F8DCD28D-1C4D-46EE-AD91-681E954BD0C1}.Debug|x64.Build.0 = Debug|Any CPU
		{F8DCD28D-1C4D-46EE-AD91-681E954BD0C1}.Debug|x86.ActiveCfg = Debug|Any CPU
		{F8DCD28D-1C4D-46EE-AD91-681E954BD0C1}.Debug|x86.Build.0 = Debug|Any CPU
		{F8DCD28D-1C4D-46EE-AD91-681E954BD0C1}.Release|Any CPU.ActiveCfg = Release|Any CPU
		{F8DCD28D-1C4D-46EE-AD91-681E954BD0C1}.Release|Any CPU.Build.0 = Release|Any CPU
		{F8DCD28D-1C4D-46EE-AD91-681E954BD0C1}.Release|x64.ActiveCfg = Release|Any CPU
		{F8DCD28D-1C4D-46EE-AD91-681E954BD0C1}.Release|x64.Build.0 = Release|Any CPU
		{F8DCD28D-1C4D-46EE-AD91-681E954BD0C1}.Release|x86.ActiveCfg = Release|Any CPU
		{F8DCD28D-1C4D-46EE-AD91-681E954BD0C1}.Release|x86.Build.0 = Release|Any CPU
		{0B18BFE5-FE2F-4EDD-B8BB-CFE84E2966E1}.Debug|Any CPU.ActiveCfg = Debug|Any CPU
		{0B18BFE5-FE2F-4EDD-B8BB-CFE84E2966E1}.Debug|Any CPU.Build.0 = Debug|Any CPU
		{0B18BFE5-FE2F-4EDD-B8BB-CFE84E2966E1}.Debug|x64.ActiveCfg = Debug|Any CPU
		{0B18BFE5-FE2F-4EDD-B8BB-CFE84E2966E1}.Debug|x64.Build.0 = Debug|Any CPU
		{0B18BFE5-FE2F-4EDD-B8BB-CFE84E2966E1}.Debug|x86.ActiveCfg = Debug|Any CPU
		{0B18BFE5-FE2F-4EDD-B8BB-CFE84E2966E1}.Debug|x86.Build.0 = Debug|Any CPU
		{0B18BFE5-FE2F-4EDD-B8BB-CFE84E2966E1}.Release|Any CPU.ActiveCfg = Release|Any CPU
		{0B18BFE5-FE2F-4EDD-B8BB-CFE84E2966E1}.Release|Any CPU.Build.0 = Release|Any CPU
		{0B18BFE5-FE2F-4EDD-B8BB-CFE84E2966E1}.Release|x64.ActiveCfg = Release|Any CPU
		{0B18BFE5-FE2F-4EDD-B8BB-CFE84E2966E1}.Release|x64.Build.0 = Release|Any CPU
		{0B18BFE5-FE2F-4EDD-B8BB-CFE84E2966E1}.Release|x86.ActiveCfg = Release|Any CPU
		{0B18BFE5-FE2F-4EDD-B8BB-CFE84E2966E1}.Release|x86.Build.0 = Release|Any CPU
		{A0036FE6-7CFB-448D-ADD7-07E6E94AA731}.Debug|Any CPU.ActiveCfg = Debug|Any CPU
		{A0036FE6-7CFB-448D-ADD7-07E6E94AA731}.Debug|Any CPU.Build.0 = Debug|Any CPU
		{A0036FE6-7CFB-448D-ADD7-07E6E94AA731}.Debug|x64.ActiveCfg = Debug|Any CPU
		{A0036FE6-7CFB-448D-ADD7-07E6E94AA731}.Debug|x64.Build.0 = Debug|Any CPU
		{A0036FE6-7CFB-448D-ADD7-07E6E94AA731}.Debug|x86.ActiveCfg = Debug|Any CPU
		{A0036FE6-7CFB-448D-ADD7-07E6E94AA731}.Debug|x86.Build.0 = Debug|Any CPU
		{A0036FE6-7CFB-448D-ADD7-07E6E94AA731}.Release|Any CPU.ActiveCfg = Release|Any CPU
		{A0036FE6-7CFB-448D-ADD7-07E6E94AA731}.Release|Any CPU.Build.0 = Release|Any CPU
		{A0036FE6-7CFB-448D-ADD7-07E6E94AA731}.Release|x64.ActiveCfg = Release|Any CPU
		{A0036FE6-7CFB-448D-ADD7-07E6E94AA731}.Release|x64.Build.0 = Release|Any CPU
		{A0036FE6-7CFB-448D-ADD7-07E6E94AA731}.Release|x86.ActiveCfg = Release|Any CPU
		{A0036FE6-7CFB-448D-ADD7-07E6E94AA731}.Release|x86.Build.0 = Release|Any CPU
		{9CBCCDF8-9314-4A0E-A998-3A8D2C007D0C}.Debug|Any CPU.ActiveCfg = Debug|Any CPU
		{9CBCCDF8-9314-4A0E-A998-3A8D2C007D0C}.Debug|Any CPU.Build.0 = Debug|Any CPU
		{9CBCCDF8-9314-4A0E-A998-3A8D2C007D0C}.Debug|x64.ActiveCfg = Debug|Any CPU
		{9CBCCDF8-9314-4A0E-A998-3A8D2C007D0C}.Debug|x64.Build.0 = Debug|Any CPU
		{9CBCCDF8-9314-4A0E-A998-3A8D2C007D0C}.Debug|x86.ActiveCfg = Debug|Any CPU
		{9CBCCDF8-9314-4A0E-A998-3A8D2C007D0C}.Debug|x86.Build.0 = Debug|Any CPU
		{9CBCCDF8-9314-4A0E-A998-3A8D2C007D0C}.Release|Any CPU.ActiveCfg = Release|Any CPU
		{9CBCCDF8-9314-4A0E-A998-3A8D2C007D0C}.Release|Any CPU.Build.0 = Release|Any CPU
		{9CBCCDF8-9314-4A0E-A998-3A8D2C007D0C}.Release|x64.ActiveCfg = Release|Any CPU
		{9CBCCDF8-9314-4A0E-A998-3A8D2C007D0C}.Release|x64.Build.0 = Release|Any CPU
		{9CBCCDF8-9314-4A0E-A998-3A8D2C007D0C}.Release|x86.ActiveCfg = Release|Any CPU
		{9CBCCDF8-9314-4A0E-A998-3A8D2C007D0C}.Release|x86.Build.0 = Release|Any CPU
		{96DF8B4D-779E-40C2-889E-12F10B24B7D4}.Debug|Any CPU.ActiveCfg = Debug|Any CPU
		{96DF8B4D-779E-40C2-889E-12F10B24B7D4}.Debug|Any CPU.Build.0 = Debug|Any CPU
		{96DF8B4D-779E-40C2-889E-12F10B24B7D4}.Debug|x64.ActiveCfg = Debug|Any CPU
		{96DF8B4D-779E-40C2-889E-12F10B24B7D4}.Debug|x64.Build.0 = Debug|Any CPU
		{96DF8B4D-779E-40C2-889E-12F10B24B7D4}.Debug|x86.ActiveCfg = Debug|Any CPU
		{96DF8B4D-779E-40C2-889E-12F10B24B7D4}.Debug|x86.Build.0 = Debug|Any CPU
		{96DF8B4D-779E-40C2-889E-12F10B24B7D4}.Release|Any CPU.ActiveCfg = Release|Any CPU
		{96DF8B4D-779E-40C2-889E-12F10B24B7D4}.Release|Any CPU.Build.0 = Release|Any CPU
		{96DF8B4D-779E-40C2-889E-12F10B24B7D4}.Release|x64.ActiveCfg = Release|Any CPU
		{96DF8B4D-779E-40C2-889E-12F10B24B7D4}.Release|x64.Build.0 = Release|Any CPU
		{96DF8B4D-779E-40C2-889E-12F10B24B7D4}.Release|x86.ActiveCfg = Release|Any CPU
		{96DF8B4D-779E-40C2-889E-12F10B24B7D4}.Release|x86.Build.0 = Release|Any CPU
		{C4020226-1C27-4C42-B975-49ACD1907681}.Debug|Any CPU.ActiveCfg = Debug|Any CPU
		{C4020226-1C27-4C42-B975-49ACD1907681}.Debug|Any CPU.Build.0 = Debug|Any CPU
		{C4020226-1C27-4C42-B975-49ACD1907681}.Debug|x64.ActiveCfg = Debug|Any CPU
		{C4020226-1C27-4C42-B975-49ACD1907681}.Debug|x64.Build.0 = Debug|Any CPU
		{C4020226-1C27-4C42-B975-49ACD1907681}.Debug|x86.ActiveCfg = Debug|Any CPU
		{C4020226-1C27-4C42-B975-49ACD1907681}.Debug|x86.Build.0 = Debug|Any CPU
		{C4020226-1C27-4C42-B975-49ACD1907681}.Release|Any CPU.ActiveCfg = Release|Any CPU
		{C4020226-1C27-4C42-B975-49ACD1907681}.Release|Any CPU.Build.0 = Release|Any CPU
		{C4020226-1C27-4C42-B975-49ACD1907681}.Release|x64.ActiveCfg = Release|Any CPU
		{C4020226-1C27-4C42-B975-49ACD1907681}.Release|x64.Build.0 = Release|Any CPU
		{C4020226-1C27-4C42-B975-49ACD1907681}.Release|x86.ActiveCfg = Release|Any CPU
		{C4020226-1C27-4C42-B975-49ACD1907681}.Release|x86.Build.0 = Release|Any CPU
		{7A2DFE76-C54B-421B-A19D-51EACF0982C7}.Debug|Any CPU.ActiveCfg = Debug|Any CPU
		{7A2DFE76-C54B-421B-A19D-51EACF0982C7}.Debug|Any CPU.Build.0 = Debug|Any CPU
		{7A2DFE76-C54B-421B-A19D-51EACF0982C7}.Debug|x64.ActiveCfg = Debug|Any CPU
		{7A2DFE76-C54B-421B-A19D-51EACF0982C7}.Debug|x64.Build.0 = Debug|Any CPU
		{7A2DFE76-C54B-421B-A19D-51EACF0982C7}.Debug|x86.ActiveCfg = Debug|Any CPU
		{7A2DFE76-C54B-421B-A19D-51EACF0982C7}.Debug|x86.Build.0 = Debug|Any CPU
		{7A2DFE76-C54B-421B-A19D-51EACF0982C7}.Release|Any CPU.ActiveCfg = Release|Any CPU
		{7A2DFE76-C54B-421B-A19D-51EACF0982C7}.Release|Any CPU.Build.0 = Release|Any CPU
		{7A2DFE76-C54B-421B-A19D-51EACF0982C7}.Release|x64.ActiveCfg = Release|Any CPU
		{7A2DFE76-C54B-421B-A19D-51EACF0982C7}.Release|x64.Build.0 = Release|Any CPU
		{7A2DFE76-C54B-421B-A19D-51EACF0982C7}.Release|x86.ActiveCfg = Release|Any CPU
		{7A2DFE76-C54B-421B-A19D-51EACF0982C7}.Release|x86.Build.0 = Release|Any CPU
		{39749416-78B0-4400-AF50-D4DEC2CCF25A}.Debug|Any CPU.ActiveCfg = Debug|Any CPU
		{39749416-78B0-4400-AF50-D4DEC2CCF25A}.Debug|Any CPU.Build.0 = Debug|Any CPU
		{39749416-78B0-4400-AF50-D4DEC2CCF25A}.Debug|x64.ActiveCfg = Debug|Any CPU
		{39749416-78B0-4400-AF50-D4DEC2CCF25A}.Debug|x64.Build.0 = Debug|Any CPU
		{39749416-78B0-4400-AF50-D4DEC2CCF25A}.Debug|x86.ActiveCfg = Debug|Any CPU
		{39749416-78B0-4400-AF50-D4DEC2CCF25A}.Debug|x86.Build.0 = Debug|Any CPU
		{39749416-78B0-4400-AF50-D4DEC2CCF25A}.Release|Any CPU.ActiveCfg = Release|Any CPU
		{39749416-78B0-4400-AF50-D4DEC2CCF25A}.Release|Any CPU.Build.0 = Release|Any CPU
		{39749416-78B0-4400-AF50-D4DEC2CCF25A}.Release|x64.ActiveCfg = Release|Any CPU
		{39749416-78B0-4400-AF50-D4DEC2CCF25A}.Release|x64.Build.0 = Release|Any CPU
		{39749416-78B0-4400-AF50-D4DEC2CCF25A}.Release|x86.ActiveCfg = Release|Any CPU
		{39749416-78B0-4400-AF50-D4DEC2CCF25A}.Release|x86.Build.0 = Release|Any CPU
		{8D460ACB-D76A-4D7C-88DD-CD81843283E7}.Debug|Any CPU.ActiveCfg = Debug|Any CPU
		{8D460ACB-D76A-4D7C-88DD-CD81843283E7}.Debug|Any CPU.Build.0 = Debug|Any CPU
		{8D460ACB-D76A-4D7C-88DD-CD81843283E7}.Debug|x64.ActiveCfg = Debug|Any CPU
		{8D460ACB-D76A-4D7C-88DD-CD81843283E7}.Debug|x64.Build.0 = Debug|Any CPU
		{8D460ACB-D76A-4D7C-88DD-CD81843283E7}.Debug|x86.ActiveCfg = Debug|Any CPU
		{8D460ACB-D76A-4D7C-88DD-CD81843283E7}.Debug|x86.Build.0 = Debug|Any CPU
		{8D460ACB-D76A-4D7C-88DD-CD81843283E7}.Release|Any CPU.ActiveCfg = Release|Any CPU
		{8D460ACB-D76A-4D7C-88DD-CD81843283E7}.Release|Any CPU.Build.0 = Release|Any CPU
		{8D460ACB-D76A-4D7C-88DD-CD81843283E7}.Release|x64.ActiveCfg = Release|Any CPU
		{8D460ACB-D76A-4D7C-88DD-CD81843283E7}.Release|x64.Build.0 = Release|Any CPU
		{8D460ACB-D76A-4D7C-88DD-CD81843283E7}.Release|x86.ActiveCfg = Release|Any CPU
		{8D460ACB-D76A-4D7C-88DD-CD81843283E7}.Release|x86.Build.0 = Release|Any CPU
		{15B6D1AB-F3A4-44DE-B3C2-542A389C4160}.Debug|Any CPU.ActiveCfg = Debug|Any CPU
		{15B6D1AB-F3A4-44DE-B3C2-542A389C4160}.Debug|Any CPU.Build.0 = Debug|Any CPU
		{15B6D1AB-F3A4-44DE-B3C2-542A389C4160}.Debug|x64.ActiveCfg = Debug|Any CPU
		{15B6D1AB-F3A4-44DE-B3C2-542A389C4160}.Debug|x64.Build.0 = Debug|Any CPU
		{15B6D1AB-F3A4-44DE-B3C2-542A389C4160}.Debug|x86.ActiveCfg = Debug|Any CPU
		{15B6D1AB-F3A4-44DE-B3C2-542A389C4160}.Debug|x86.Build.0 = Debug|Any CPU
		{15B6D1AB-F3A4-44DE-B3C2-542A389C4160}.Release|Any CPU.ActiveCfg = Release|Any CPU
		{15B6D1AB-F3A4-44DE-B3C2-542A389C4160}.Release|Any CPU.Build.0 = Release|Any CPU
		{15B6D1AB-F3A4-44DE-B3C2-542A389C4160}.Release|x64.ActiveCfg = Release|Any CPU
		{15B6D1AB-F3A4-44DE-B3C2-542A389C4160}.Release|x64.Build.0 = Release|Any CPU
		{15B6D1AB-F3A4-44DE-B3C2-542A389C4160}.Release|x86.ActiveCfg = Release|Any CPU
		{15B6D1AB-F3A4-44DE-B3C2-542A389C4160}.Release|x86.Build.0 = Release|Any CPU
		{4B23F95B-EF0B-42C1-91DB-B7F54E4D49AC}.Debug|Any CPU.ActiveCfg = Debug|Any CPU
		{4B23F95B-EF0B-42C1-91DB-B7F54E4D49AC}.Debug|Any CPU.Build.0 = Debug|Any CPU
		{4B23F95B-EF0B-42C1-91DB-B7F54E4D49AC}.Debug|x64.ActiveCfg = Debug|Any CPU
		{4B23F95B-EF0B-42C1-91DB-B7F54E4D49AC}.Debug|x64.Build.0 = Debug|Any CPU
		{4B23F95B-EF0B-42C1-91DB-B7F54E4D49AC}.Debug|x86.ActiveCfg = Debug|Any CPU
		{4B23F95B-EF0B-42C1-91DB-B7F54E4D49AC}.Debug|x86.Build.0 = Debug|Any CPU
		{4B23F95B-EF0B-42C1-91DB-B7F54E4D49AC}.Release|Any CPU.ActiveCfg = Release|Any CPU
		{4B23F95B-EF0B-42C1-91DB-B7F54E4D49AC}.Release|Any CPU.Build.0 = Release|Any CPU
		{4B23F95B-EF0B-42C1-91DB-B7F54E4D49AC}.Release|x64.ActiveCfg = Release|Any CPU
		{4B23F95B-EF0B-42C1-91DB-B7F54E4D49AC}.Release|x64.Build.0 = Release|Any CPU
		{4B23F95B-EF0B-42C1-91DB-B7F54E4D49AC}.Release|x86.ActiveCfg = Release|Any CPU
		{4B23F95B-EF0B-42C1-91DB-B7F54E4D49AC}.Release|x86.Build.0 = Release|Any CPU
	EndGlobalSection
	GlobalSection(NestedProjects) = preSolution
		{F8DCD28D-1C4D-46EE-AD91-681E954BD0C1} = {A4CBE640-C914-4105-9BBE-63741FB0942C}
		{0B18BFE5-FE2F-4EDD-B8BB-CFE84E2966E1} = {A4CBE640-C914-4105-9BBE-63741FB0942C}
		{A0036FE6-7CFB-448D-ADD7-07E6E94AA731} = {A4CBE640-C914-4105-9BBE-63741FB0942C}
		{9CBCCDF8-9314-4A0E-A998-3A8D2C007D0C} = {A4CBE640-C914-4105-9BBE-63741FB0942C}
		{96DF8B4D-779E-40C2-889E-12F10B24B7D4} = {A4CBE640-C914-4105-9BBE-63741FB0942C}
		{C4020226-1C27-4C42-B975-49ACD1907681} = {6BAAA259-0F70-4854-A000-7F3897AF87A2}
		{7A2DFE76-C54B-421B-A19D-51EACF0982C7} = {6BAAA259-0F70-4854-A000-7F3897AF87A2}
		{39749416-78B0-4400-AF50-D4DEC2CCF25A} = {6BAAA259-0F70-4854-A000-7F3897AF87A2}
		{8D460ACB-D76A-4D7C-88DD-CD81843283E7} = {6BAAA259-0F70-4854-A000-7F3897AF87A2}
		{15B6D1AB-F3A4-44DE-B3C2-542A389C4160} = {6BAAA259-0F70-4854-A000-7F3897AF87A2}
		{4B23F95B-EF0B-42C1-91DB-B7F54E4D49AC} = {6BAAA259-0F70-4854-A000-7F3897AF87A2}
	EndGlobalSection
EndGlobal
